
Microsoft Visual Studio Solution File, Format Version 12.00
# Visual Studio Version 16
VisualStudioVersion = 16.0.29102.190
MinimumVisualStudioVersion = 10.0.40219.1
Project("{FAE04EC0-301F-11D3-BF4B-00C04F79EFBC}") = "MCAddonSetupManager", "MCAddonSetupManager.csproj", "{68CF3C3C-7577-4D55-A8B2-15DC390311DB}"
EndProject
Global
	GlobalSection(SolutionConfigurationPlatforms) = preSolution
		Debug|Any CPU = Debug|Any CPU
		Release|Any CPU = Release|Any CPU
	EndGlobalSection
	GlobalSection(ProjectConfigurationPlatforms) = postSolution
		{68CF3C3C-7577-4D55-A8B2-15DC390311DB}.Debug|Any CPU.ActiveCfg = Debug|Any CPU
		{68CF3C3C-7577-4D55-A8B2-15DC390311DB}.Debug|Any CPU.Build.0 = Debug|Any CPU
		{68CF3C3C-7577-4D55-A8B2-15DC390311DB}.Release|Any CPU.ActiveCfg = Release|Any CPU
		{68CF3C3C-7577-4D55-A8B2-15DC390311DB}.Release|Any CPU.Build.0 = Release|Any CPU
	EndGlobalSection
	GlobalSection(SolutionProperties) = preSolution
		HideSolutionNode = FALSE
	EndGlobalSection
	GlobalSection(ExtensibilityGlobals) = postSolution
		SolutionGuid = {A93AF1CD-3F11-4DCE-9DAD-83146EC1BDE8}
	EndGlobalSection
EndGlobal
