{
  "requires": true,
  "lockfileVersion": 1,
  "dependencies": {
    "google-closure-library": {
      "version": "20201102.0.1",
      "resolved": "https://registry.npmjs.org/google-closure-library/-/google-closure-library-20201102.0.1.tgz",
      "integrity": "sha512-YU1iL1l9l1KUpG4wPZJBVYwlWOw6/Qe5B4bPQ+CS1/omTPEUV/RV6qEUqcgDQIQSyufgTJC5t508wgNgtAkbGQ=="
    }
  }
}
